// !$*UTF8*$!
{
	archiveVersion = 1;
	classes = {
	};
	objectVersion = 56;
	objects = {

/* Begin PBXBuildFile section */
		24854B2429AD340100E1E8E1 /* AppDelegate.swift in Sources */ = {isa = PBXBuildFile; fileRef = 24854B2329AD340100E1E8E1 /* AppDelegate.swift */; };
		24854B2629AD340100E1E8E1 /* SceneDelegate.swift in Sources */ = {isa = PBXBuildFile; fileRef = 24854B2529AD340100E1E8E1 /* SceneDelegate.swift */; };
		24854B2B29AD340100E1E8E1 /* Main.storyboard in Resources */ = {isa = PBXBuildFile; fileRef = 24854B2929AD340100E1E8E1 /* Main.storyboard */; };
		24854B2D29AD340300E1E8E1 /* Assets.xcassets in Resources */ = {isa = PBXBuildFile; fileRef = 24854B2C29AD340300E1E8E1 /* Assets.xcassets */; };
		24854B3029AD340300E1E8E1 /* LaunchScreen.storyboard in Resources */ = {isa = PBXBuildFile; fileRef = 24854B2E29AD340300E1E8E1 /* LaunchScreen.storyboard */; };
		24854B3B29AD340400E1E8E1 /* SampleToDoTests.swift in Sources */ = {isa = PBXBuildFile; fileRef = 24854B3A29AD340400E1E8E1 /* SampleToDoTests.swift */; };
		24854B4529AD340400E1E8E1 /* SampleToDoUITests.swift in Sources */ = {isa = PBXBuildFile; fileRef = 24854B4429AD340400E1E8E1 /* SampleToDoUITests.swift */; };
		24854B4729AD340400E1E8E1 /* SampleToDoUITestsLaunchTests.swift in Sources */ = {isa = PBXBuildFile; fileRef = 24854B4629AD340400E1E8E1 /* SampleToDoUITestsLaunchTests.swift */; };
		24854B5429AD349700E1E8E1 /* ViewController.swift in Sources */ = {isa = PBXBuildFile; fileRef = 24854B2729AD340100E1E8E1 /* ViewController.swift */; };
		24854B5829AD34C000E1E8E1 /* ToDoListTableViewCell.swift in Sources */ = {isa = PBXBuildFile; fileRef = 24854B5529AD34BF00E1E8E1 /* ToDoListTableViewCell.swift */; };
		24854B5929AD34C000E1E8E1 /* ToDoDetailsTableViewCell.swift in Sources */ = {isa = PBXBuildFile; fileRef = 24854B5629AD34BF00E1E8E1 /* ToDoDetailsTableViewCell.swift */; };
		24854B5A29AD34C000E1E8E1 /* ToDoDetailsTableViewCell.xib in Resources */ = {isa = PBXBuildFile; fileRef = 24854B5729AD34BF00E1E8E1 /* ToDoDetailsTableViewCell.xib */; };
		24854B6029AD36C700E1E8E1 /* ListViewController.swift in Sources */ = {isa = PBXBuildFile; fileRef = 24854B5F29AD36C700E1E8E1 /* ListViewController.swift */; };
		24854B6529AD49CE00E1E8E1 /* ToDoModel.xcdatamodeld in Sources */ = {isa = PBXBuildFile; fileRef = 24854B6329AD49CE00E1E8E1 /* ToDoModel.xcdatamodeld */; };
		24854B6729AD54FC00E1E8E1 /* CoreDataManager.swift in Sources */ = {isa = PBXBuildFile; fileRef = 24854B6629AD54FC00E1E8E1 /* CoreDataManager.swift */; };
		24854B6C29AD893F00E1E8E1 /* FolderViewControllerViewModel.swift in Sources */ = {isa = PBXBuildFile; fileRef = 24854B6B29AD893F00E1E8E1 /* FolderViewControllerViewModel.swift */; };
		24854B6E29AD8CD400E1E8E1 /* ListViewControllerViewModel.swift in Sources */ = {isa = PBXBuildFile; fileRef = 24854B6D29AD8CD400E1E8E1 /* ListViewControllerViewModel.swift */; };
/* End PBXBuildFile section */

/* Begin PBXContainerItemProxy section */
		24854B3729AD340400E1E8E1 /* PBXContainerItemProxy */ = {
			isa = PBXContainerItemProxy;
			containerPortal = 24854B1829AD340100E1E8E1 /* Project object */;
			proxyType = 1;
			remoteGlobalIDString = 24854B1F29AD340100E1E8E1;
			remoteInfo = SampleToDo;
		};
		24854B4129AD340400E1E8E1 /* PBXContainerItemProxy */ = {
			isa = PBXContainerItemProxy;
			containerPortal = 24854B1829AD340100E1E8E1 /* Project object */;
			proxyType = 1;
			remoteGlobalIDString = 24854B1F29AD340100E1E8E1;
			remoteInfo = SampleToDo;
		};
/* End PBXContainerItemProxy section */

/* Begin PBXFileReference section */
		24854B2029AD340100E1E8E1 /* SampleToDo.app */ = {isa = PBXFileReference; explicitFileType = wrapper.application; includeInIndex = 0; path = SampleToDo.app; sourceTree = BUILT_PRODUCTS_DIR; };
		24854B2329AD340100E1E8E1 /* AppDelegate.swift */ = {isa = PBXFileReference; lastKnownFileType = sourcecode.swift; path = AppDelegate.swift; sourceTree = "<group>"; };
		24854B2529AD340100E1E8E1 /* SceneDelegate.swift */ = {isa = PBXFileReference; lastKnownFileType = sourcecode.swift; path = SceneDelegate.swift; sourceTree = "<group>"; };
		24854B2729AD340100E1E8E1 /* ViewController.swift */ = {isa = PBXFileReference; lastKnownFileType = sourcecode.swift; path = ViewController.swift; sourceTree = "<group>"; };
		24854B2A29AD340100E1E8E1 /* Base */ = {isa = PBXFileReference; lastKnownFileType = file.storyboard; name = Base; path = Base.lproj/Main.storyboard; sourceTree = "<group>"; };
		24854B2C29AD340300E1E8E1 /* Assets.xcassets */ = {isa = PBXFileReference; lastKnownFileType = folder.assetcatalog; path = Assets.xcassets; sourceTree = "<group>"; };
		24854B2F29AD340300E1E8E1 /* Base */ = {isa = PBXFileReference; lastKnownFileType = file.storyboard; name = Base; path = Base.lproj/LaunchScreen.storyboard; sourceTree = "<group>"; };
		24854B3129AD340300E1E8E1 /* Info.plist */ = {isa = PBXFileReference; lastKnownFileType = text.plist.xml; path = Info.plist; sourceTree = "<group>"; };
		24854B3629AD340400E1E8E1 /* SampleToDoTests.xctest */ = {isa = PBXFileReference; explicitFileType = wrapper.cfbundle; includeInIndex = 0; path = SampleToDoTests.xctest; sourceTree = BUILT_PRODUCTS_DIR; };
		24854B3A29AD340400E1E8E1 /* SampleToDoTests.swift */ = {isa = PBXFileReference; lastKnownFileType = sourcecode.swift; path = SampleToDoTests.swift; sourceTree = "<group>"; };
		24854B4029AD340400E1E8E1 /* SampleToDoUITests.xctest */ = {isa = PBXFileReference; explicitFileType = wrapper.cfbundle; includeInIndex = 0; path = SampleToDoUITests.xctest; sourceTree = BUILT_PRODUCTS_DIR; };
		24854B4429AD340400E1E8E1 /* SampleToDoUITests.swift */ = {isa = PBXFileReference; lastKnownFileType = sourcecode.swift; path = SampleToDoUITests.swift; sourceTree = "<group>"; };
		24854B4629AD340400E1E8E1 /* SampleToDoUITestsLaunchTests.swift */ = {isa = PBXFileReference; lastKnownFileType = sourcecode.swift; path = SampleToDoUITestsLaunchTests.swift; sourceTree = "<group>"; };
		24854B5529AD34BF00E1E8E1 /* ToDoListTableViewCell.swift */ = {isa = PBXFileReference; fileEncoding = 4; lastKnownFileType = sourcecode.swift; path = ToDoListTableViewCell.swift; sourceTree = "<group>"; };
		24854B5629AD34BF00E1E8E1 /* ToDoDetailsTableViewCell.swift */ = {isa = PBXFileReference; fileEncoding = 4; lastKnownFileType = sourcecode.swift; path = ToDoDetailsTableViewCell.swift; sourceTree = "<group>"; };
		24854B5729AD34BF00E1E8E1 /* ToDoDetailsTableViewCell.xib */ = {isa = PBXFileReference; fileEncoding = 4; lastKnownFileType = file.xib; path = ToDoDetailsTableViewCell.xib; sourceTree = "<group>"; };
		24854B5F29AD36C700E1E8E1 /* ListViewController.swift */ = {isa = PBXFileReference; lastKnownFileType = sourcecode.swift; path = ListViewController.swift; sourceTree = "<group>"; };
		24854B6429AD49CE00E1E8E1 /* ToDoModel.xcdatamodel */ = {isa = PBXFileReference; lastKnownFileType = wrapper.xcdatamodel; path = ToDoModel.xcdatamodel; sourceTree = "<group>"; };
		24854B6629AD54FC00E1E8E1 /* CoreDataManager.swift */ = {isa = PBXFileReference; lastKnownFileType = sourcecode.swift; path = CoreDataManager.swift; sourceTree = "<group>"; };
		24854B6B29AD893F00E1E8E1 /* FolderViewControllerViewModel.swift */ = {isa = PBXFileReference; lastKnownFileType = sourcecode.swift; path = FolderViewControllerViewModel.swift; sourceTree = "<group>"; };
		24854B6D29AD8CD400E1E8E1 /* ListViewControllerViewModel.swift */ = {isa = PBXFileReference; lastKnownFileType = sourcecode.swift; path = ListViewControllerViewModel.swift; sourceTree = "<group>"; };
/* End PBXFileReference section */

/* Begin PBXFrameworksBuildPhase section */
		24854B1D29AD340100E1E8E1 /* Frameworks */ = {
			isa = PBXFrameworksBuildPhase;
			buildActionMask = 2147483647;
			files = (
			);
			runOnlyForDeploymentPostprocessing = 0;
		};
		24854B3329AD340400E1E8E1 /* Frameworks */ = {
			isa = PBXFrameworksBuildPhase;
			buildActionMask = 2147483647;
			files = (
			);
			runOnlyForDeploymentPostprocessing = 0;
		};
		24854B3D29AD340400E1E8E1 /* Frameworks */ = {
			isa = PBXFrameworksBuildPhase;
			buildActionMask = 2147483647;
			files = (
			);
			runOnlyForDeploymentPostprocessing = 0;
		};
/* End PBXFrameworksBuildPhase section */

/* Begin PBXGroup section */
		24854B1729AD340100E1E8E1 = {
			isa = PBXGroup;
			children = (
				24854B2229AD340100E1E8E1 /* SampleToDo */,
				24854B3929AD340400E1E8E1 /* SampleToDoTests */,
				24854B4329AD340400E1E8E1 /* SampleToDoUITests */,
				24854B2129AD340100E1E8E1 /* Products */,
			);
			sourceTree = "<group>";
		};
		24854B2129AD340100E1E8E1 /* Products */ = {
			isa = PBXGroup;
			children = (
				24854B2029AD340100E1E8E1 /* SampleToDo.app */,
				24854B3629AD340400E1E8E1 /* SampleToDoTests.xctest */,
				24854B4029AD340400E1E8E1 /* SampleToDoUITests.xctest */,
			);
			name = Products;
			sourceTree = "<group>";
		};
		24854B2229AD340100E1E8E1 /* SampleToDo */ = {
			isa = PBXGroup;
			children = (
				24854B5C29AD368000E1E8E1 /* Model */,
				24854B5D29AD368600E1E8E1 /* View */,
				24854B5E29AD369F00E1E8E1 /* Controller */,
				24854B7129AD910D00E1E8E1 /* Data */,
				24854B7229AD912100E1E8E1 /* Delegate */,
				24854B3129AD340300E1E8E1 /* Info.plist */,
			);
			path = SampleToDo;
			sourceTree = "<group>";
		};
		24854B3929AD340400E1E8E1 /* SampleToDoTests */ = {
			isa = PBXGroup;
			children = (
				24854B3A29AD340400E1E8E1 /* SampleToDoTests.swift */,
			);
			path = SampleToDoTests;
			sourceTree = "<group>";
		};
		24854B4329AD340400E1E8E1 /* SampleToDoUITests */ = {
			isa = PBXGroup;
			children = (
				24854B4429AD340400E1E8E1 /* SampleToDoUITests.swift */,
				24854B4629AD340400E1E8E1 /* SampleToDoUITestsLaunchTests.swift */,
			);
			path = SampleToDoUITests;
			sourceTree = "<group>";
		};
		24854B5B29AD34E000E1E8E1 /* cells */ = {
			isa = PBXGroup;
			children = (
				24854B7029AD90CD00E1E8E1 /* ListViewControllerCell */,
				24854B6F29AD90B200E1E8E1 /* MainViewControllerCell */,
			);
			path = cells;
			sourceTree = "<group>";
		};
		24854B5C29AD368000E1E8E1 /* Model */ = {
			isa = PBXGroup;
			children = (
				24854B6329AD49CE00E1E8E1 /* ToDoModel.xcdatamodeld */,
			);
			path = Model;
			sourceTree = "<group>";
		};
		24854B5D29AD368600E1E8E1 /* View */ = {
			isa = PBXGroup;
			children = (
				24854B5B29AD34E000E1E8E1 /* cells */,
				24854B2929AD340100E1E8E1 /* Main.storyboard */,
				24854B2E29AD340300E1E8E1 /* LaunchScreen.storyboard */,
				24854B2C29AD340300E1E8E1 /* Assets.xcassets */,
			);
			path = View;
			sourceTree = "<group>";
		};
		24854B5E29AD369F00E1E8E1 /* Controller */ = {
			isa = PBXGroup;
			children = (
				24854B6829AD88E600E1E8E1 /* FolderViewController */,
				24854B6929AD890600E1E8E1 /* ListViewController */,
			);
			path = Controller;
			sourceTree = "<group>";
		};
		24854B6829AD88E600E1E8E1 /* FolderViewController */ = {
			isa = PBXGroup;
			children = (
				24854B2729AD340100E1E8E1 /* ViewController.swift */,
				24854B6B29AD893F00E1E8E1 /* FolderViewControllerViewModel.swift */,
			);
			path = FolderViewController;
			sourceTree = "<group>";
		};
		24854B6929AD890600E1E8E1 /* ListViewController */ = {
			isa = PBXGroup;
			children = (
				24854B5F29AD36C700E1E8E1 /* ListViewController.swift */,
				24854B6D29AD8CD400E1E8E1 /* ListViewControllerViewModel.swift */,
			);
			path = ListViewController;
			sourceTree = "<group>";
		};
		24854B6F29AD90B200E1E8E1 /* MainViewControllerCell */ = {
			isa = PBXGroup;
			children = (
				24854B5529AD34BF00E1E8E1 /* ToDoListTableViewCell.swift */,
			);
			path = MainViewControllerCell;
			sourceTree = "<group>";
		};
		24854B7029AD90CD00E1E8E1 /* ListViewControllerCell */ = {
			isa = PBXGroup;
			children = (
				24854B5629AD34BF00E1E8E1 /* ToDoDetailsTableViewCell.swift */,
				24854B5729AD34BF00E1E8E1 /* ToDoDetailsTableViewCell.xib */,
			);
			path = ListViewControllerCell;
			sourceTree = "<group>";
		};
		24854B7129AD910D00E1E8E1 /* Data */ = {
			isa = PBXGroup;
			children = (
				24854B7329ADB56900E1E8E1 /* PersistantDataManager */,
			);
			path = Data;
			sourceTree = "<group>";
		};
		24854B7229AD912100E1E8E1 /* Delegate */ = {
			isa = PBXGroup;
			children = (
				24854B2329AD340100E1E8E1 /* AppDelegate.swift */,
				24854B2529AD340100E1E8E1 /* SceneDelegate.swift */,
			);
			path = Delegate;
			sourceTree = "<group>";
		};
		24854B7329ADB56900E1E8E1 /* PersistantDataManager */ = {
			isa = PBXGroup;
			children = (
				24854B6629AD54FC00E1E8E1 /* CoreDataManager.swift */,
			);
			path = PersistantDataManager;
			sourceTree = "<group>";
		};
/* End PBXGroup section */

/* Begin PBXNativeTarget section */
		24854B1F29AD340100E1E8E1 /* SampleToDo */ = {
			isa = PBXNativeTarget;
			buildConfigurationList = 24854B4A29AD340400E1E8E1 /* Build configuration list for PBXNativeTarget "SampleToDo" */;
			buildPhases = (
				24854B1C29AD340100E1E8E1 /* Sources */,
				24854B1D29AD340100E1E8E1 /* Frameworks */,
				24854B1E29AD340100E1E8E1 /* Resources */,
			);
			buildRules = (
			);
			dependencies = (
			);
			name = SampleToDo;
			productName = SampleToDo;
			productReference = 24854B2029AD340100E1E8E1 /* SampleToDo.app */;
			productType = "com.apple.product-type.application";
		};
		24854B3529AD340400E1E8E1 /* SampleToDoTests */ = {
			isa = PBXNativeTarget;
			buildConfigurationList = 24854B4D29AD340400E1E8E1 /* Build configuration list for PBXNativeTarget "SampleToDoTests" */;
			buildPhases = (
				24854B3229AD340400E1E8E1 /* Sources */,
				24854B3329AD340400E1E8E1 /* Frameworks */,
				24854B3429AD340400E1E8E1 /* Resources */,
			);
			buildRules = (
			);
			dependencies = (
				24854B3829AD340400E1E8E1 /* PBXTargetDependency */,
			);
			name = SampleToDoTests;
			productName = SampleToDoTests;
			productReference = 24854B3629AD340400E1E8E1 /* SampleToDoTests.xctest */;
			productType = "com.apple.product-type.bundle.unit-test";
		};
		24854B3F29AD340400E1E8E1 /* SampleToDoUITests */ = {
			isa = PBXNativeTarget;
			buildConfigurationList = 24854B5029AD340400E1E8E1 /* Build configuration list for PBXNativeTarget "SampleToDoUITests" */;
			buildPhases = (
				24854B3C29AD340400E1E8E1 /* Sources */,
				24854B3D29AD340400E1E8E1 /* Frameworks */,
				24854B3E29AD340400E1E8E1 /* Resources */,
			);
			buildRules = (
			);
			dependencies = (
				24854B4229AD340400E1E8E1 /* PBXTargetDependency */,
			);
			name = SampleToDoUITests;
			productName = SampleToDoUITests;
			productReference = 24854B4029AD340400E1E8E1 /* SampleToDoUITests.xctest */;
			productType = "com.apple.product-type.bundle.ui-testing";
		};
/* End PBXNativeTarget section */

/* Begin PBXProject section */
		24854B1829AD340100E1E8E1 /* Project object */ = {
			isa = PBXProject;
			attributes = {
				BuildIndependentTargetsInParallel = 1;
				LastSwiftUpdateCheck = 1420;
				LastUpgradeCheck = 1420;
				TargetAttributes = {
					24854B1F29AD340100E1E8E1 = {
						CreatedOnToolsVersion = 14.2;
					};
					24854B3529AD340400E1E8E1 = {
						CreatedOnToolsVersion = 14.2;
						TestTargetID = 24854B1F29AD340100E1E8E1;
					};
					24854B3F29AD340400E1E8E1 = {
						CreatedOnToolsVersion = 14.2;
						TestTargetID = 24854B1F29AD340100E1E8E1;
					};
				};
			};
			buildConfigurationList = 24854B1B29AD340100E1E8E1 /* Build configuration list for PBXProject "SampleToDo" */;
			compatibilityVersion = "Xcode 14.0";
			developmentRegion = en;
			hasScannedForEncodings = 0;
			knownRegions = (
				en,
				Base,
			);
			mainGroup = 24854B1729AD340100E1E8E1;
			productRefGroup = 24854B2129AD340100E1E8E1 /* Products */;
			projectDirPath = "";
			projectRoot = "";
			targets = (
				24854B1F29AD340100E1E8E1 /* SampleToDo */,
				24854B3529AD340400E1E8E1 /* SampleToDoTests */,
				24854B3F29AD340400E1E8E1 /* SampleToDoUITests */,
			);
		};
/* End PBXProject section */

/* Begin PBXResourcesBuildPhase section */
		24854B1E29AD340100E1E8E1 /* Resources */ = {
			isa = PBXResourcesBuildPhase;
			buildActionMask = 2147483647;
			files = (
				24854B5A29AD34C000E1E8E1 /* ToDoDetailsTableViewCell.xib in Resources */,
				24854B3029AD340300E1E8E1 /* LaunchScreen.storyboard in Resources */,
				24854B2D29AD340300E1E8E1 /* Assets.xcassets in Resources */,
				24854B2B29AD340100E1E8E1 /* Main.storyboard in Resources */,
			);
			runOnlyForDeploymentPostprocessing = 0;
		};
		24854B3429AD340400E1E8E1 /* Resources */ = {
			isa = PBXResourcesBuildPhase;
			buildActionMask = 2147483647;
			files = (
			);
			runOnlyForDeploymentPostprocessing = 0;
		};
		24854B3E29AD340400E1E8E1 /* Resources */ = {
			isa = PBXResourcesBuildPhase;
			buildActionMask = 2147483647;
			files = (
			);
			runOnlyForDeploymentPostprocessing = 0;
		};
/* End PBXResourcesBuildPhase section */

/* Begin PBXSourcesBuildPhase section */
		24854B1C29AD340100E1E8E1 /* Sources */ = {
			isa = PBXSourcesBuildPhase;
			buildActionMask = 2147483647;
			files = (
				24854B6C29AD893F00E1E8E1 /* FolderViewControllerViewModel.swift in Sources */,
				24854B5929AD34C000E1E8E1 /* ToDoDetailsTableViewCell.swift in Sources */,
				24854B5429AD349700E1E8E1 /* ViewController.swift in Sources */,
				24854B6E29AD8CD400E1E8E1 /* ListViewControllerViewModel.swift in Sources */,
				24854B6029AD36C700E1E8E1 /* ListViewController.swift in Sources */,
				24854B2429AD340100E1E8E1 /* AppDelegate.swift in Sources */,
				24854B6529AD49CE00E1E8E1 /* ToDoModel.xcdatamodeld in Sources */,
				24854B6729AD54FC00E1E8E1 /* CoreDataManager.swift in Sources */,
				24854B2629AD340100E1E8E1 /* SceneDelegate.swift in Sources */,
				24854B5829AD34C000E1E8E1 /* ToDoListTableViewCell.swift in Sources */,
			);
			runOnlyForDeploymentPostprocessing = 0;
		};
		24854B3229AD340400E1E8E1 /* Sources */ = {
			isa = PBXSourcesBuildPhase;
			buildActionMask = 2147483647;
			files = (
				24854B3B29AD340400E1E8E1 /* SampleToDoTests.swift in Sources */,
			);
			runOnlyForDeploymentPostprocessing = 0;
		};
		24854B3C29AD340400E1E8E1 /* Sources */ = {
			isa = PBXSourcesBuildPhase;
			buildActionMask = 2147483647;
			files = (
				24854B4729AD340400E1E8E1 /* SampleToDoUITestsLaunchTests.swift in Sources */,
				24854B4529AD340400E1E8E1 /* SampleToDoUITests.swift in Sources */,
			);
			runOnlyForDeploymentPostprocessing = 0;
		};
/* End PBXSourcesBuildPhase section */

/* Begin PBXTargetDependency section */
		24854B3829AD340400E1E8E1 /* PBXTargetDependency */ = {
			isa = PBXTargetDependency;
			target = 24854B1F29AD340100E1E8E1 /* SampleToDo */;
			targetProxy = 24854B3729AD340400E1E8E1 /* PBXContainerItemProxy */;
		};
		24854B4229AD340400E1E8E1 /* PBXTargetDependency */ = {
			isa = PBXTargetDependency;
			target = 24854B1F29AD340100E1E8E1 /* SampleToDo */;
			targetProxy = 24854B4129AD340400E1E8E1 /* PBXContainerItemProxy */;
		};
/* End PBXTargetDependency section */

/* Begin PBXVariantGroup section */
		24854B2929AD340100E1E8E1 /* Main.storyboard */ = {
			isa = PBXVariantGroup;
			children = (
				24854B2A29AD340100E1E8E1 /* Base */,
			);
			name = Main.storyboard;
			sourceTree = "<group>";
		};
		24854B2E29AD340300E1E8E1 /* LaunchScreen.storyboard */ = {
			isa = PBXVariantGroup;
			children = (
				24854B2F29AD340300E1E8E1 /* Base */,
			);
			name = LaunchScreen.storyboard;
			sourceTree = "<group>";
		};
/* End PBXVariantGroup section */

/* Begin XCBuildConfiguration section */
		24854B4829AD340400E1E8E1 /* Debug */ = {
			isa = XCBuildConfiguration;
			buildSettings = {
				ALWAYS_SEARCH_USER_PATHS = NO;
				CLANG_ANALYZER_NONNULL = YES;
				CLANG_ANALYZER_NUMBER_OBJECT_CONVERSION = YES_AGGRESSIVE;
				CLANG_CXX_LANGUAGE_STANDARD = "gnu++20";
				CLANG_ENABLE_MODULES = YES;
				CLANG_ENABLE_OBJC_ARC = YES;
				CLANG_ENABLE_OBJC_WEAK = YES;
				CLANG_WARN_BLOCK_CAPTURE_AUTORELEASING = YES;
				CLANG_WARN_BOOL_CONVERSION = YES;
				CLANG_WARN_COMMA = YES;
				CLANG_WARN_CONSTANT_CONVERSION = YES;
				CLANG_WARN_DEPRECATED_OBJC_IMPLEMENTATIONS = YES;
				CLANG_WARN_DIRECT_OBJC_ISA_USAGE = YES_ERROR;
				CLANG_WARN_DOCUMENTATION_COMMENTS = YES;
				CLANG_WARN_EMPTY_BODY = YES;
				CLANG_WARN_ENUM_CONVERSION = YES;
				CLANG_WARN_INFINITE_RECURSION = YES;
				CLANG_WARN_INT_CONVERSION = YES;
				CLANG_WARN_NON_LITERAL_NULL_CONVERSION = YES;
				CLANG_WARN_OBJC_IMPLICIT_RETAIN_SELF = YES;
				CLANG_WARN_OBJC_LITERAL_CONVERSION = YES;
				CLANG_WARN_OBJC_ROOT_CLASS = YES_ERROR;
				CLANG_WARN_QUOTED_INCLUDE_IN_FRAMEWORK_HEADER = YES;
				CLANG_WARN_RANGE_LOOP_ANALYSIS = YES;
				CLANG_WARN_STRICT_PROTOTYPES = YES;
				CLANG_WARN_SUSPICIOUS_MOVE = YES;
				CLANG_WARN_UNGUARDED_AVAILABILITY = YES_AGGRESSIVE;
				CLANG_WARN_UNREACHABLE_CODE = YES;
				CLANG_WARN__DUPLICATE_METHOD_MATCH = YES;
				COPY_PHASE_STRIP = NO;
				DEBUG_INFORMATION_FORMAT = dwarf;
				ENABLE_STRICT_OBJC_MSGSEND = YES;
				ENABLE_TESTABILITY = YES;
				GCC_C_LANGUAGE_STANDARD = gnu11;
				GCC_DYNAMIC_NO_PIC = NO;
				GCC_NO_COMMON_BLOCKS = YES;
				GCC_OPTIMIZATION_LEVEL = 0;
				GCC_PREPROCESSOR_DEFINITIONS = (
					"DEBUG=1",
					"$(inherited)",
				);
				GCC_WARN_64_TO_32_BIT_CONVERSION = YES;
				GCC_WARN_ABOUT_RETURN_TYPE = YES_ERROR;
				GCC_WARN_UNDECLARED_SELECTOR = YES;
				GCC_WARN_UNINITIALIZED_AUTOS = YES_AGGRESSIVE;
				GCC_WARN_UNUSED_FUNCTION = YES;
				GCC_WARN_UNUSED_VARIABLE = YES;
				IPHONEOS_DEPLOYMENT_TARGET = 16.2;
				MTL_ENABLE_DEBUG_INFO = INCLUDE_SOURCE;
				MTL_FAST_MATH = YES;
				ONLY_ACTIVE_ARCH = YES;
				SDKROOT = iphoneos;
				SWIFT_ACTIVE_COMPILATION_CONDITIONS = DEBUG;
				SWIFT_OPTIMIZATION_LEVEL = "-Onone";
			};
			name = Debug;
		};
		24854B4929AD340400E1E8E1 /* Release */ = {
			isa = XCBuildConfiguration;
			buildSettings = {
				ALWAYS_SEARCH_USER_PATHS = NO;
				CLANG_ANALYZER_NONNULL = YES;
				CLANG_ANALYZER_NUMBER_OBJECT_CONVERSION = YES_AGGRESSIVE;
				CLANG_CXX_LANGUAGE_STANDARD = "gnu++20";
				CLANG_ENABLE_MODULES = YES;
				CLANG_ENABLE_OBJC_ARC = YES;
				CLANG_ENABLE_OBJC_WEAK = YES;
				CLANG_WARN_BLOCK_CAPTURE_AUTORELEASING = YES;
				CLANG_WARN_BOOL_CONVERSION = YES;
				CLANG_WARN_COMMA = YES;
				CLANG_WARN_CONSTANT_CONVERSION = YES;
				CLANG_WARN_DEPRECATED_OBJC_IMPLEMENTATIONS = YES;
				CLANG_WARN_DIRECT_OBJC_ISA_USAGE = YES_ERROR;
				CLANG_WARN_DOCUMENTATION_COMMENTS = YES;
				CLANG_WARN_EMPTY_BODY = YES;
				CLANG_WARN_ENUM_CONVERSION = YES;
				CLANG_WARN_INFINITE_RECURSION = YES;
				CLANG_WARN_INT_CONVERSION = YES;
				CLANG_WARN_NON_LITERAL_NULL_CONVERSION = YES;
				CLANG_WARN_OBJC_IMPLICIT_RETAIN_SELF = YES;
				CLANG_WARN_OBJC_LITERAL_CONVERSION = YES;
				CLANG_WARN_OBJC_ROOT_CLASS = YES_ERROR;
				CLANG_WARN_QUOTED_INCLUDE_IN_FRAMEWORK_HEADER = YES;
				CLANG_WARN_RANGE_LOOP_ANALYSIS = YES;
				CLANG_WARN_STRICT_PROTOTYPES = YES;
				CLANG_WARN_SUSPICIOUS_MOVE = YES;
				CLANG_WARN_UNGUARDED_AVAILABILITY = YES_AGGRESSIVE;
				CLANG_WARN_UNREACHABLE_CODE = YES;
				CLANG_WARN__DUPLICATE_METHOD_MATCH = YES;
				COPY_PHASE_STRIP = NO;
				DEBUG_INFORMATION_FORMAT = "dwarf-with-dsym";
				ENABLE_NS_ASSERTIONS = NO;
				ENABLE_STRICT_OBJC_MSGSEND = YES;
				GCC_C_LANGUAGE_STANDARD = gnu11;
				GCC_NO_COMMON_BLOCKS = YES;
				GCC_WARN_64_TO_32_BIT_CONVERSION = YES;
				GCC_WARN_ABOUT_RETURN_TYPE = YES_ERROR;
				GCC_WARN_UNDECLARED_SELECTOR = YES;
				GCC_WARN_UNINITIALIZED_AUTOS = YES_AGGRESSIVE;
				GCC_WARN_UNUSED_FUNCTION = YES;
				GCC_WARN_UNUSED_VARIABLE = YES;
				IPHONEOS_DEPLOYMENT_TARGET = 16.2;
				MTL_ENABLE_DEBUG_INFO = NO;
				MTL_FAST_MATH = YES;
				SDKROOT = iphoneos;
				SWIFT_COMPILATION_MODE = wholemodule;
				SWIFT_OPTIMIZATION_LEVEL = "-O";
				VALIDATE_PRODUCT = YES;
			};
			name = Release;
		};
		24854B4B29AD340400E1E8E1 /* Debug */ = {
			isa = XCBuildConfiguration;
			buildSettings = {
				ASSETCATALOG_COMPILER_APPICON_NAME = AppIcon;
				ASSETCATALOG_COMPILER_GLOBAL_ACCENT_COLOR_NAME = AccentColor;
				CODE_SIGN_STYLE = Automatic;
				CURRENT_PROJECT_VERSION = 1;
				DEVELOPMENT_TEAM = DJ4HTA4RKP;
				GENERATE_INFOPLIST_FILE = YES;
				INFOPLIST_FILE = SampleToDo/Info.plist;
				INFOPLIST_KEY_UIApplicationSupportsIndirectInputEvents = YES;
				INFOPLIST_KEY_UILaunchStoryboardName = LaunchScreen;
				INFOPLIST_KEY_UIMainStoryboardFile = Main;
				INFOPLIST_KEY_UISupportedInterfaceOrientations_iPad = "UIInterfaceOrientationPortrait UIInterfaceOrientationPortraitUpsideDown UIInterfaceOrientationLandscapeLeft UIInterfaceOrientationLandscapeRight";
				INFOPLIST_KEY_UISupportedInterfaceOrientations_iPhone = "UIInterfaceOrientationPortrait UIInterfaceOrientationLandscapeLeft UIInterfaceOrientationLandscapeRight";
				LD_RUNPATH_SEARCH_PATHS = (
					"$(inherited)",
					"@executable_path/Frameworks",
				);
				MARKETING_VERSION = 1.0;
				PRODUCT_BUNDLE_IDENTIFIER = com.ridesharer.RideSharer.SampleToDo;
				PRODUCT_NAME = "$(TARGET_NAME)";
				SWIFT_EMIT_LOC_STRINGS = YES;
				SWIFT_VERSION = 5.0;
				TARGETED_DEVICE_FAMILY = "1,2";
			};
			name = Debug;
		};
		24854B4C29AD340400E1E8E1 /* Release */ = {
			isa = XCBuildConfiguration;
			buildSettings = {
				ASSETCATALOG_COMPILER_APPICON_NAME = AppIcon;
				ASSETCATALOG_COMPILER_GLOBAL_ACCENT_COLOR_NAME = AccentColor;
				CODE_SIGN_STYLE = Automatic;
				CURRENT_PROJECT_VERSION = 1;
				DEVELOPMENT_TEAM = DJ4HTA4RKP;
				GENERATE_INFOPLIST_FILE = YES;
				INFOPLIST_FILE = SampleToDo/Info.plist;
				INFOPLIST_KEY_UIApplicationSupportsIndirectInputEvents = YES;
				INFOPLIST_KEY_UILaunchStoryboardName = LaunchScreen;
				INFOPLIST_KEY_UIMainStoryboardFile = Main;
				INFOPLIST_KEY_UISupportedInterfaceOrientations_iPad = "UIInterfaceOrientationPortrait UIInterfaceOrientationPortraitUpsideDown UIInterfaceOrientationLandscapeLeft UIInterfaceOrientationLandscapeRight";
				INFOPLIST_KEY_UISupportedInterfaceOrientations_iPhone = "UIInterfaceOrientationPortrait UIInterfaceOrientationLandscapeLeft UIInterfaceOrientationLandscapeRight";
				LD_RUNPATH_SEARCH_PATHS = (
					"$(inherited)",
					"@executable_path/Frameworks",
				);
				MARKETING_VERSION = 1.0;
				PRODUCT_BUNDLE_IDENTIFIER = com.ridesharer.RideSharer.SampleToDo;
				PRODUCT_NAME = "$(TARGET_NAME)";
				SWIFT_EMIT_LOC_STRINGS = YES;
				SWIFT_VERSION = 5.0;
				TARGETED_DEVICE_FAMILY = "1,2";
			};
			name = Release;
		};
		24854B4E29AD340400E1E8E1 /* Debug */ = {
			isa = XCBuildConfiguration;
			buildSettings = {
				ALWAYS_EMBED_SWIFT_STANDARD_LIBRARIES = YES;
				BUNDLE_LOADER = "$(TEST_HOST)";
				CODE_SIGN_STYLE = Automatic;
				CURRENT_PROJECT_VERSION = 1;
				DEVELOPMENT_TEAM = DJ4HTA4RKP;
				GENERATE_INFOPLIST_FILE = YES;
				IPHONEOS_DEPLOYMENT_TARGET = 16.2;
				MARKETING_VERSION = 1.0;
				PRODUCT_BUNDLE_IDENTIFIER = com.ridesharer.RideSharer.SampleToDoTests;
				PRODUCT_NAME = "$(TARGET_NAME)";
				SWIFT_EMIT_LOC_STRINGS = NO;
				SWIFT_VERSION = 5.0;
				TARGETED_DEVICE_FAMILY = "1,2";
				TEST_HOST = "$(BUILT_PRODUCTS_DIR)/SampleToDo.app/$(BUNDLE_EXECUTABLE_FOLDER_PATH)/SampleToDo";
			};
			name = Debug;
		};
		24854B4F29AD340400E1E8E1 /* Release */ = {
			isa = XCBuildConfiguration;
			buildSettings = {
				ALWAYS_EMBED_SWIFT_STANDARD_LIBRARIES = YES;
				BUNDLE_LOADER = "$(TEST_HOST)";
				CODE_SIGN_STYLE = Automatic;
				CURRENT_PROJECT_VERSION = 1;
				DEVELOPMENT_TEAM = DJ4HTA4RKP;
				GENERATE_INFOPLIST_FILE = YES;
				IPHONEOS_DEPLOYMENT_TARGET = 16.2;
				MARKETING_VERSION = 1.0;
				PRODUCT_BUNDLE_IDENTIFIER = com.ridesharer.RideSharer.SampleToDoTests;
				PRODUCT_NAME = "$(TARGET_NAME)";
				SWIFT_EMIT_LOC_STRINGS = NO;
				SWIFT_VERSION = 5.0;
				TARGETED_DEVICE_FAMILY = "1,2";
				TEST_HOST = "$(BUILT_PRODUCTS_DIR)/SampleToDo.app/$(BUNDLE_EXECUTABLE_FOLDER_PATH)/SampleToDo";
			};
			name = Release;
		};
		24854B5129AD340400E1E8E1 /* Debug */ = {
			isa = XCBuildConfiguration;
			buildSettings = {
				ALWAYS_EMBED_SWIFT_STANDARD_LIBRARIES = YES;
				CODE_SIGN_STYLE = Automatic;
				CURRENT_PROJECT_VERSION = 1;
				DEVELOPMENT_TEAM = DJ4HTA4RKP;
				GENERATE_INFOPLIST_FILE = YES;
				MARKETING_VERSION = 1.0;
				PRODUCT_BUNDLE_IDENTIFIER = com.ridesharer.RideSharer.SampleToDoUITests;
				PRODUCT_NAME = "$(TARGET_NAME)";
				SWIFT_EMIT_LOC_STRINGS = NO;
				SWIFT_VERSION = 5.0;
				TARGETED_DEVICE_FAMILY = "1,2";
				TEST_TARGET_NAME = SampleToDo;
			};
			name = Debug;
		};
		24854B5229AD340400E1E8E1 /* Release */ = {
			isa = XCBuildConfiguration;
			buildSettings = {
				ALWAYS_EMBED_SWIFT_STANDARD_LIBRARIES = YES;
				CODE_SIGN_STYLE = Automatic;
				CURRENT_PROJECT_VERSION = 1;
				DEVELOPMENT_TEAM = DJ4HTA4RKP;
				GENERATE_INFOPLIST_FILE = YES;
				MARKETING_VERSION = 1.0;
				PRODUCT_BUNDLE_IDENTIFIER = com.ridesharer.RideSharer.SampleToDoUITests;
				PRODUCT_NAME = "$(TARGET_NAME)";
				SWIFT_EMIT_LOC_STRINGS = NO;
				SWIFT_VERSION = 5.0;
				TARGETED_DEVICE_FAMILY = "1,2";
				TEST_TARGET_NAME = SampleToDo;
			};
			name = Release;
		};
/* End XCBuildConfiguration section */

/* Begin XCConfigurationList section */
		24854B1B29AD340100E1E8E1 /* Build configuration list for PBXProject "SampleToDo" */ = {
			isa = XCConfigurationList;
			buildConfigurations = (
				24854B4829AD340400E1E8E1 /* Debug */,
				24854B4929AD340400E1E8E1 /* Release */,
			);
			defaultConfigurationIsVisible = 0;
			defaultConfigurationName = Release;
		};
		24854B4A29AD340400E1E8E1 /* Build configuration list for PBXNativeTarget "SampleToDo" */ = {
			isa = XCConfigurationList;
			buildConfigurations = (
				24854B4B29AD340400E1E8E1 /* Debug */,
				24854B4C29AD340400E1E8E1 /* Release */,
			);
			defaultConfigurationIsVisible = 0;
			defaultConfigurationName = Release;
		};
		24854B4D29AD340400E1E8E1 /* Build configuration list for PBXNativeTarget "SampleToDoTests" */ = {
			isa = XCConfigurationList;
			buildConfigurations = (
				24854B4E29AD340400E1E8E1 /* Debug */,
				24854B4F29AD340400E1E8E1 /* Release */,
			);
			defaultConfigurationIsVisible = 0;
			defaultConfigurationName = Release;
		};
		24854B5029AD340400E1E8E1 /* Build configuration list for PBXNativeTarget "SampleToDoUITests" */ = {
			isa = XCConfigurationList;
			buildConfigurations = (
				24854B5129AD340400E1E8E1 /* Debug */,
				24854B5229AD340400E1E8E1 /* Release */,
			);
			defaultConfigurationIsVisible = 0;
			defaultConfigurationName = Release;
		};
/* End XCConfigurationList section */

/* Begin XCVersionGroup section */
		24854B6329AD49CE00E1E8E1 /* ToDoModel.xcdatamodeld */ = {
			isa = XCVersionGroup;
			children = (
				24854B6429AD49CE00E1E8E1 /* ToDoModel.xcdatamodel */,
			);
			currentVersion = 24854B6429AD49CE00E1E8E1 /* ToDoModel.xcdatamodel */;
			path = ToDoModel.xcdatamodeld;
			sourceTree = "<group>";
			versionGroupType = wrapper.xcdatamodel;
		};
/* End XCVersionGroup section */
	};
	rootObject = 24854B1829AD340100E1E8E1 /* Project object */;
}
